// !$*UTF8*$!
{
	archiveVersion = 1;
	classes = {
	};
	objectVersion = 46;
	objects = {

/* Begin PBXBuildFile section */
		B00C23A71F48CB2400480A09 /* expense.png in Resources */ = {isa = PBXBuildFile; fileRef = B00C23A11F48CB2400480A09 /* expense.png */; };
		B00C23A81F48CB2400480A09 /* Expense.swift in Sources */ = {isa = PBXBuildFile; fileRef = B00C23A21F48CB2400480A09 /* Expense.swift */; };
		B00C23A91F48CB2400480A09 /* FinanceManagement.jpeg in Resources */ = {isa = PBXBuildFile; fileRef = B00C23A31F48CB2400480A09 /* FinanceManagement.jpeg */; };
		B00C23AA1F48CB2400480A09 /* Frequency.swift in Sources */ = {isa = PBXBuildFile; fileRef = B00C23A41F48CB2400480A09 /* Frequency.swift */; };
		B00C23AB1F48CB2400480A09 /* graph.png in Resources */ = {isa = PBXBuildFile; fileRef = B00C23A51F48CB2400480A09 /* graph.png */; };
		B00C23AC1F48CB2400480A09 /* income.png in Resources */ = {isa = PBXBuildFile; fileRef = B00C23A61F48CB2400480A09 /* income.png */; };
		B00C23B01F48CC7F00480A09 /* Main.storyboard in Resources */ = {isa = PBXBuildFile; fileRef = B00C23AF1F48CC7F00480A09 /* Main.storyboard */; };
		B00C23BB1F48CCEA00480A09 /* AppDelegate.swift in Sources */ = {isa = PBXBuildFile; fileRef = B00C23B11F48CCEA00480A09 /* AppDelegate.swift */; };
		B00C23BC1F48CCEA00480A09 /* calculationViewController.swift in Sources */ = {isa = PBXBuildFile; fileRef = B00C23B21F48CCEA00480A09 /* calculationViewController.swift */; };
		B00C23BD1F48CCEA00480A09 /* expenseViewController.swift in Sources */ = {isa = PBXBuildFile; fileRef = B00C23B31F48CCEA00480A09 /* expenseViewController.swift */; };
		B00C23BF1F48CCEA00480A09 /* Income.swift in Sources */ = {isa = PBXBuildFile; fileRef = B00C23B51F48CCEA00480A09 /* Income.swift */; };
		B00C23C01F48CCEA00480A09 /* incomeViewController.swift in Sources */ = {isa = PBXBuildFile; fileRef = B00C23B61F48CCEA00480A09 /* incomeViewController.swift */; };
		B00C23C21F48CCEA00480A09 /* searchViewController.swift in Sources */ = {isa = PBXBuildFile; fileRef = B00C23B81F48CCEA00480A09 /* searchViewController.swift */; };
		B00C23CD1F48D60B00480A09 /* Images.xcassets in Resources */ = {isa = PBXBuildFile; fileRef = B00C23CC1F48D60B00480A09 /* Images.xcassets */; };
		B00C23D01F48D90400480A09 /* LaunchScreen.xib in Resources */ = {isa = PBXBuildFile; fileRef = B00C23CE1F48D90400480A09 /* LaunchScreen.xib */; };
		B00C23D11F48D90400480A09 /* Info.plist in Resources */ = {isa = PBXBuildFile; fileRef = B00C239A1F48CA8B00480A09 /* Info.plist */; };
/* End PBXBuildFile section */

/* Begin PBXFileReference section */
		B00C23891F48CA8B00480A09 /* PFA.app */ = {isa = PBXFileReference; explicitFileType = wrapper.application; includeInIndex = 0; path = PFA.app; sourceTree = BUILT_PRODUCTS_DIR; };
		B00C239A1F48CA8B00480A09 /* Info.plist */ = {isa = PBXFileReference; fileEncoding = 4; lastKnownFileType = text.plist.xml; path = Info.plist; sourceTree = "<group>"; };
		B00C23A11F48CB2400480A09 /* expense.png */ = {isa = PBXFileReference; lastKnownFileType = image.png; path = expense.png; sourceTree = "<group>"; };
		B00C23A21F48CB2400480A09 /* Expense.swift */ = {isa = PBXFileReference; fileEncoding = 4; lastKnownFileType = sourcecode.swift; name = Expense.swift; path = resource/Expense.swift; sourceTree = "<group>"; };
		B00C23A31F48CB2400480A09 /* FinanceManagement.jpeg */ = {isa = PBXFileReference; lastKnownFileType = image.jpeg; path = FinanceManagement.jpeg; sourceTree = "<group>"; };
		B00C23A41F48CB2400480A09 /* Frequency.swift */ = {isa = PBXFileReference; fileEncoding = 4; lastKnownFileType = sourcecode.swift; name = Frequency.swift; path = resource/Frequency.swift; sourceTree = "<group>"; };
		B00C23A51F48CB2400480A09 /* graph.png */ = {isa = PBXFileReference; lastKnownFileType = image.png; path = graph.png; sourceTree = "<group>"; };
		B00C23A61F48CB2400480A09 /* income.png */ = {isa = PBXFileReference; lastKnownFileType = image.png; path = income.png; sourceTree = "<group>"; };
		B00C23AF1F48CC7F00480A09 /* Main.storyboard */ = {isa = PBXFileReference; fileEncoding = 4; lastKnownFileType = file.storyboard; path = Main.storyboard; sourceTree = "<group>"; };
		B00C23B11F48CCEA00480A09 /* AppDelegate.swift */ = {isa = PBXFileReference; fileEncoding = 4; lastKnownFileType = sourcecode.swift; name = AppDelegate.swift; path = resource/AppDelegate.swift; sourceTree = "<group>"; };
		B00C23B21F48CCEA00480A09 /* calculationViewController.swift */ = {isa = PBXFileReference; fileEncoding = 4; lastKnownFileType = sourcecode.swift; name = calculationViewController.swift; path = resource/calculationViewController.swift; sourceTree = "<group>"; };
		B00C23B31F48CCEA00480A09 /* expenseViewController.swift */ = {isa = PBXFileReference; fileEncoding = 4; lastKnownFileType = sourcecode.swift; name = expenseViewController.swift; path = resource/expenseViewController.swift; sourceTree = "<group>"; };
		B00C23B51F48CCEA00480A09 /* Income.swift */ = {isa = PBXFileReference; fileEncoding = 4; lastKnownFileType = sourcecode.swift; name = Income.swift; path = resource/Income.swift; sourceTree = "<group>"; };
		B00C23B61F48CCEA00480A09 /* incomeViewController.swift */ = {isa = PBXFileReference; fileEncoding = 4; lastKnownFileType = sourcecode.swift; name = incomeViewController.swift; path = resource/incomeViewController.swift; sourceTree = "<group>"; };
		B00C23B81F48CCEA00480A09 /* searchViewController.swift */ = {isa = PBXFileReference; fileEncoding = 4; lastKnownFileType = sourcecode.swift; name = searchViewController.swift; path = resource/searchViewController.swift; sourceTree = "<group>"; };
		B00C23CC1F48D60B00480A09 /* Images.xcassets */ = {isa = PBXFileReference; lastKnownFileType = folder.assetcatalog; name = Images.xcassets; path = ../Images.xcassets; sourceTree = "<group>"; };
		B00C23CF1F48D90400480A09 /* Base */ = {isa = PBXFileReference; lastKnownFileType = file.xib; name = Base; path = Base.lproj/LaunchScreen.xib; sourceTree = "<group>"; };
/* End PBXFileReference section */

/* Begin PBXFrameworksBuildPhase section */
		B00C23861F48CA8B00480A09 /* Frameworks */ = {
			isa = PBXFrameworksBuildPhase;
			buildActionMask = 2147483647;
			files = (
			);
			runOnlyForDeploymentPostprocessing = 0;
		};
/* End PBXFrameworksBuildPhase section */

/* Begin PBXGroup section */
		B00C23801F48CA8B00480A09 = {
			isa = PBXGroup;
			children = (
				B00C238B1F48CA8B00480A09 /* PFA */,
				B00C238A1F48CA8B00480A09 /* Products */,
			);
			sourceTree = "<group>";
		};
		B00C238A1F48CA8B00480A09 /* Products */ = {
			isa = PBXGroup;
			children = (
				B00C23891F48CA8B00480A09 /* PFA.app */,
			);
			name = Products;
			sourceTree = "<group>";
		};
		B00C238B1F48CA8B00480A09 /* PFA */ = {
			isa = PBXGroup;
			children = (
				B00C23C91F48CFBD00480A09 /* controller */,
				B00C23C71F48CF3600480A09 /* model */,
				B00C23A01F48CB2400480A09 /* resource */,
				B00C23B11F48CCEA00480A09 /* AppDelegate.swift */,
				B00C23A41F48CB2400480A09 /* Frequency.swift */,
				B00C23AF1F48CC7F00480A09 /* Main.storyboard */,
				B00C23CE1F48D90400480A09 /* LaunchScreen.xib */,
				B00C239A1F48CA8B00480A09 /* Info.plist */,
			);
			path = PFA;
			sourceTree = "<group>";
		};
		B00C23A01F48CB2400480A09 /* resource */ = {
			isa = PBXGroup;
			children = (
				B00C23CC1F48D60B00480A09 /* Images.xcassets */,
				B00C23A11F48CB2400480A09 /* expense.png */,
				B00C23A31F48CB2400480A09 /* FinanceManagement.jpeg */,
				B00C23A51F48CB2400480A09 /* graph.png */,
				B00C23A61F48CB2400480A09 /* income.png */,
			);
			path = resource;
			sourceTree = "<group>";
		};
		B00C23C71F48CF3600480A09 /* model */ = {
			isa = PBXGroup;
			children = (
				B00C23B51F48CCEA00480A09 /* Income.swift */,
				B00C23A21F48CB2400480A09 /* Expense.swift */,
			);
			name = model;
			sourceTree = "<group>";
		};
		B00C23C91F48CFBD00480A09 /* controller */ = {
			isa = PBXGroup;
			children = (
				B00C23B21F48CCEA00480A09 /* calculationViewController.swift */,
				B00C23B31F48CCEA00480A09 /* expenseViewController.swift */,
				B00C23B61F48CCEA00480A09 /* incomeViewController.swift */,
				B00C23B81F48CCEA00480A09 /* searchViewController.swift */,
			);
			name = controller;
			sourceTree = "<group>";
		};
/* End PBXGroup section */

/* Begin PBXNativeTarget section */
		B00C23881F48CA8B00480A09 /* PFA */ = {
			isa = PBXNativeTarget;
			buildConfigurationList = B00C239D1F48CA8B00480A09 /* Build configuration list for PBXNativeTarget "PFA" */;
			buildPhases = (
				B00C23851F48CA8B00480A09 /* Sources */,
				B00C23861F48CA8B00480A09 /* Frameworks */,
				B00C23871F48CA8B00480A09 /* Resources */,
			);
			buildRules = (
			);
			dependencies = (
			);
			name = PFA;
			productName = PFA;
			productReference = B00C23891F48CA8B00480A09 /* PFA.app */;
			productType = "com.apple.product-type.application";
		};
/* End PBXNativeTarget section */

/* Begin PBXProject section */
		B00C23811F48CA8B00480A09 /* Project object */ = {
			isa = PBXProject;
			attributes = {
				LastSwiftUpdateCheck = 0820;
				LastUpgradeCheck = 0820;
				ORGANIZATIONNAME = "Steven Le";
				TargetAttributes = {
					B00C23881F48CA8B00480A09 = {
						CreatedOnToolsVersion = 8.2.1;
						DevelopmentTeam = AP28JPW3LW;
						ProvisioningStyle = Automatic;
					};
				};
			};
			buildConfigurationList = B00C23841F48CA8B00480A09 /* Build configuration list for PBXProject "PFA" */;
			compatibilityVersion = "Xcode 3.2";
			developmentRegion = English;
			hasScannedForEncodings = 0;
			knownRegions = (
				en,
				Base,
			);
			mainGroup = B00C23801F48CA8B00480A09;
			productRefGroup = B00C238A1F48CA8B00480A09 /* Products */;
			projectDirPath = "";
			projectRoot = "";
			targets = (
				B00C23881F48CA8B00480A09 /* PFA */,
			);
		};
/* End PBXProject section */

/* Begin PBXResourcesBuildPhase section */
		B00C23871F48CA8B00480A09 /* Resources */ = {
			isa = PBXResourcesBuildPhase;
			buildActionMask = 2147483647;
			files = (
				B00C23CD1F48D60B00480A09 /* Images.xcassets in Resources */,
				B00C23AB1F48CB2400480A09 /* graph.png in Resources */,
				B00C23B01F48CC7F00480A09 /* Main.storyboard in Resources */,
				B00C23A71F48CB2400480A09 /* expense.png in Resources */,
				B00C23A91F48CB2400480A09 /* FinanceManagement.jpeg in Resources */,
				B00C23D01F48D90400480A09 /* LaunchScreen.xib in Resources */,
				B00C23D11F48D90400480A09 /* Info.plist in Resources */,
				B00C23AC1F48CB2400480A09 /* income.png in Resources */,
			);
			runOnlyForDeploymentPostprocessing = 0;
		};
/* End PBXResourcesBuildPhase section */

/* Begin PBXSourcesBuildPhase section */
		B00C23851F48CA8B00480A09 /* Sources */ = {
			isa = PBXSourcesBuildPhase;
			buildActionMask = 2147483647;
			files = (
				B00C23BC1F48CCEA00480A09 /* calculationViewController.swift in Sources */,
				B00C23C21F48CCEA00480A09 /* searchViewController.swift in Sources */,
				B00C23BB1F48CCEA00480A09 /* AppDelegate.swift in Sources */,
				B00C23C01F48CCEA00480A09 /* incomeViewController.swift in Sources */,
				B00C23A81F48CB2400480A09 /* Expense.swift in Sources */,
				B00C23AA1F48CB2400480A09 /* Frequency.swift in Sources */,
				B00C23BD1F48CCEA00480A09 /* expenseViewController.swift in Sources */,
				B00C23BF1F48CCEA00480A09 /* Income.swift in Sources */,
			);
			runOnlyForDeploymentPostprocessing = 0;
		};
/* End PBXSourcesBuildPhase section */

/* Begin PBXVariantGroup section */
		B00C23CE1F48D90400480A09 /* LaunchScreen.xib */ = {
			isa = PBXVariantGroup;
			children = (
				B00C23CF1F48D90400480A09 /* Base */,
			);
			name = LaunchScreen.xib;
			sourceTree = "<group>";
		};
/* End PBXVariantGroup section */

/* Begin XCBuildConfiguration section */
		B00C239B1F48CA8B00480A09 /* Debug */ = {
			isa = XCBuildConfiguration;
			buildSettings = {
				ALWAYS_SEARCH_USER_PATHS = NO;
				CLANG_ANALYZER_NONNULL = YES;
				CLANG_CXX_LANGUAGE_STANDARD = "gnu++0x";
				CLANG_CXX_LIBRARY = "libc++";
				CLANG_ENABLE_MODULES = YES;
				CLANG_ENABLE_OBJC_ARC = YES;
				CLANG_WARN_BOOL_CONVERSION = YES;
				CLANG_WARN_CONSTANT_CONVERSION = YES;
				CLANG_WARN_DIRECT_OBJC_ISA_USAGE = YES_ERROR;
				CLANG_WARN_DOCUMENTATION_COMMENTS = YES;
				CLANG_WARN_EMPTY_BODY = YES;
				CLANG_WARN_ENUM_CONVERSION = YES;
				CLANG_WARN_INFINITE_RECURSION = YES;
				CLANG_WARN_INT_CONVERSION = YES;
				CLANG_WARN_OBJC_ROOT_CLASS = YES_ERROR;
				CLANG_WARN_SUSPICIOUS_MOVE = YES;
				CLANG_WARN_UNREACHABLE_CODE = YES;
				CLANG_WARN__DUPLICATE_METHOD_MATCH = YES;
				"CODE_SIGN_IDENTITY[sdk=iphoneos*]" = "iPhone Developer";
				COPY_PHASE_STRIP = NO;
				DEBUG_INFORMATION_FORMAT = dwarf;
				ENABLE_STRICT_OBJC_MSGSEND = YES;
				ENABLE_TESTABILITY = YES;
				GCC_C_LANGUAGE_STANDARD = gnu99;
				GCC_DYNAMIC_NO_PIC = NO;
				GCC_NO_COMMON_BLOCKS = YES;
				GCC_OPTIMIZATION_LEVEL = 0;
				GCC_PREPROCESSOR_DEFINITIONS = (
					"DEBUG=1",
					"$(inherited)",
				);
				GCC_WARN_64_TO_32_BIT_CONVERSION = YES;
				GCC_WARN_ABOUT_RETURN_TYPE = YES_ERROR;
				GCC_WARN_UNDECLARED_SELECTOR = YES;
				GCC_WARN_UNINITIALIZED_AUTOS = YES_AGGRESSIVE;
				GCC_WARN_UNUSED_FUNCTION = YES;
				GCC_WARN_UNUSED_VARIABLE = YES;
				IPHONEOS_DEPLOYMENT_TARGET = 10.2;
				MTL_ENABLE_DEBUG_INFO = YES;
				ONLY_ACTIVE_ARCH = YES;
				SDKROOT = iphoneos;
				SWIFT_ACTIVE_COMPILATION_CONDITIONS = DEBUG;
				SWIFT_OPTIMIZATION_LEVEL = "-Onone";
			};
			name = Debug;
		};
		B00C239C1F48CA8B00480A09 /* Release */ = {
			isa = XCBuildConfiguration;
			buildSettings = {
				ALWAYS_SEARCH_USER_PATHS = NO;
				CLANG_ANALYZER_NONNULL = YES;
				CLANG_CXX_LANGUAGE_STANDARD = "gnu++0x";
				CLANG_CXX_LIBRARY = "libc++";
				CLANG_ENABLE_MODULES = YES;
				CLANG_ENABLE_OBJC_ARC = YES;
				CLANG_WARN_BOOL_CONVERSION = YES;
				CLANG_WARN_CONSTANT_CONVERSION = YES;
				CLANG_WARN_DIRECT_OBJC_ISA_USAGE = YES_ERROR;
				CLANG_WARN_DOCUMENTATION_COMMENTS = YES;
				CLANG_WARN_EMPTY_BODY = YES;
				CLANG_WARN_ENUM_CONVERSION = YES;
				CLANG_WARN_INFINITE_RECURSION = YES;
				CLANG_WARN_INT_CONVERSION = YES;
				CLANG_WARN_OBJC_ROOT_CLASS = YES_ERROR;
				CLANG_WARN_SUSPICIOUS_MOVE = YES;
				CLANG_WARN_UNREACHABLE_CODE = YES;
				CLANG_WARN__DUPLICATE_METHOD_MATCH = YES;
				"CODE_SIGN_IDENTITY[sdk=iphoneos*]" = "iPhone Developer";
				COPY_PHASE_STRIP = NO;
				DEBUG_INFORMATION_FORMAT = "dwarf-with-dsym";
				ENABLE_NS_ASSERTIONS = NO;
				ENABLE_STRICT_OBJC_MSGSEND = YES;
				GCC_C_LANGUAGE_STANDARD = gnu99;
				GCC_NO_COMMON_BLOCKS = YES;
				GCC_WARN_64_TO_32_BIT_CONVERSION = YES;
				GCC_WARN_ABOUT_RETURN_TYPE = YES_ERROR;
				GCC_WARN_UNDECLARED_SELECTOR = YES;
				GCC_WARN_UNINITIALIZED_AUTOS = YES_AGGRESSIVE;
				GCC_WARN_UNUSED_FUNCTION = YES;
				GCC_WARN_UNUSED_VARIABLE = YES;
				IPHONEOS_DEPLOYMENT_TARGET = 10.2;
				MTL_ENABLE_DEBUG_INFO = NO;
				SDKROOT = iphoneos;
				SWIFT_OPTIMIZATION_LEVEL = "-Owholemodule";
				VALIDATE_PRODUCT = YES;
			};
			name = Release;
		};
		B00C239E1F48CA8B00480A09 /* Debug */ = {
			isa = XCBuildConfiguration;
			buildSettings = {
				ASSETCATALOG_COMPILER_APPICON_NAME = AppIcon;
				DEVELOPMENT_TEAM = AP28JPW3LW;
				INFOPLIST_FILE = PFA/Info.plist;
				LD_RUNPATH_SEARCH_PATHS = "$(inherited) @executable_path/Frameworks";
				PRODUCT_BUNDLE_IDENTIFIER = com.steventhesoftwareguy.PFA;
				PRODUCT_NAME = "$(TARGET_NAME)";
				SWIFT_VERSION = 3.0;
			};
			name = Debug;
		};
		B00C239F1F48CA8B00480A09 /* Release */ = {
			isa = XCBuildConfiguration;
			buildSettings = {
				ASSETCATALOG_COMPILER_APPICON_NAME = AppIcon;
				DEVELOPMENT_TEAM = AP28JPW3LW;
				INFOPLIST_FILE = PFA/Info.plist;
				LD_RUNPATH_SEARCH_PATHS = "$(inherited) @executable_path/Frameworks";
				PRODUCT_BUNDLE_IDENTIFIER = com.steventhesoftwareguy.PFA;
				PRODUCT_NAME = "$(TARGET_NAME)";
				SWIFT_VERSION = 3.0;
			};
			name = Release;
		};
/* End XCBuildConfiguration section */

/* Begin XCConfigurationList section */
		B00C23841F48CA8B00480A09 /* Build configuration list for PBXProject "PFA" */ = {
			isa = XCConfigurationList;
			buildConfigurations = (
				B00C239B1F48CA8B00480A09 /* Debug */,
				B00C239C1F48CA8B00480A09 /* Release */,
			);
			defaultConfigurationIsVisible = 0;
			defaultConfigurationName = Release;
		};
		B00C239D1F48CA8B00480A09 /* Build configuration list for PBXNativeTarget "PFA" */ = {
			isa = XCConfigurationList;
			buildConfigurations = (
				B00C239E1F48CA8B00480A09 /* Debug */,
				B00C239F1F48CA8B00480A09 /* Release */,
			);
			defaultConfigurationIsVisible = 0;
			defaultConfigurationName = Release;
		};
/* End XCConfigurationList section */
	};
	rootObject = B00C23811F48CA8B00480A09 /* Project object */;
}
